
Microsoft Visual Studio Solution File, Format Version 12.00
# Visual Studio Version 17
VisualStudioVersion = 17.0.31903.59
MinimumVisualStudioVersion = 10.0.40219.1
Project("{FAE04EC0-301F-11D3-BF4B-00C04F79EFBC}") = "GeoApp", "GeoApp\GeoApp.csproj", "{8DAB11F8-C64B-44EB-A611-B2EC6A7826E8}"
EndProject
Project("{FAE04EC0-301F-11D3-BF4B-00C04F79EFBC}") = "GeoApp.Core", "GeoApp.Core\GeoApp.Core.csproj", "{EADDB54B-658A-4753-9560-48AA8EA614B1}"
EndProject
Project("{FAE04EC0-301F-11D3-BF4B-00C04F79EFBC}") = "GeoApp.Tests", "GeoApp.Tests\GeoApp.Tests.csproj", "{536A3DA0-EF72-41BE-B1C2-4AC644FBFA76}"
EndProject
Global
	GlobalSection(SolutionConfigurationPlatforms) = preSolution
		Debug|Any CPU = Debug|Any CPU
		Debug|x64 = Debug|x64
		Debug|x86 = Debug|x86
		Release|Any CPU = Release|Any CPU
		Release|x64 = Release|x64
		Release|x86 = Release|x86
	EndGlobalSection
	GlobalSection(ProjectConfigurationPlatforms) = postSolution
		{8DAB11F8-C64B-44EB-A611-B2EC6A7826E8}.Debug|Any CPU.ActiveCfg = Debug|Any CPU
		{8DAB11F8-C64B-44EB-A611-B2EC6A7826E8}.Debug|Any CPU.Build.0 = Debug|Any CPU
		{8DAB11F8-C64B-44EB-A611-B2EC6A7826E8}.Debug|x64.ActiveCfg = Debug|Any CPU
		{8DAB11F8-C64B-44EB-A611-B2EC6A7826E8}.Debug|x64.Build.0 = Debug|Any CPU
		{8DAB11F8-C64B-44EB-A611-B2EC6A7826E8}.Debug|x86.ActiveCfg = Debug|Any CPU
		{8DAB11F8-C64B-44EB-A611-B2EC6A7826E8}.Debug|x86.Build.0 = Debug|Any CPU
		{8DAB11F8-C64B-44EB-A611-B2EC6A7826E8}.Release|Any CPU.ActiveCfg = Release|Any CPU
		{8DAB11F8-C64B-44EB-A611-B2EC6A7826E8}.Release|Any CPU.Build.0 = Release|Any CPU
		{8DAB11F8-C64B-44EB-A611-B2EC6A7826E8}.Release|x64.ActiveCfg = Release|Any CPU
		{8DAB11F8-C64B-44EB-A611-B2EC6A7826E8}.Release|x64.Build.0 = Release|Any CPU
		{8DAB11F8-C64B-44EB-A611-B2EC6A7826E8}.Release|x86.ActiveCfg = Release|Any CPU
		{8DAB11F8-C64B-44EB-A611-B2EC6A7826E8}.Release|x86.Build.0 = Release|Any CPU
		{EADDB54B-658A-4753-9560-48AA8EA614B1}.Debug|Any CPU.ActiveCfg = Debug|Any CPU
		{EADDB54B-658A-4753-9560-48AA8EA614B1}.Debug|Any CPU.Build.0 = Debug|Any CPU
		{EADDB54B-658A-4753-9560-48AA8EA614B1}.Debug|x64.ActiveCfg = Debug|Any CPU
		{EADDB54B-658A-4753-9560-48AA8EA614B1}.Debug|x64.Build.0 = Debug|Any CPU
		{EADDB54B-658A-4753-9560-48AA8EA614B1}.Debug|x86.ActiveCfg = Debug|Any CPU
		{EADDB54B-658A-4753-9560-48AA8EA614B1}.Debug|x86.Build.0 = Debug|Any CPU
		{EADDB54B-658A-4753-9560-48AA8EA614B1}.Release|Any CPU.ActiveCfg = Release|Any CPU
		{EADDB54B-658A-4753-9560-48AA8EA614B1}.Release|Any CPU.Build.0 = Release|Any CPU
		{EADDB54B-658A-4753-9560-48AA8EA614B1}.Release|x64.ActiveCfg = Release|Any CPU
		{EADDB54B-658A-4753-9560-48AA8EA614B1}.Release|x64.Build.0 = Release|Any CPU
		{EADDB54B-658A-4753-9560-48AA8EA614B1}.Release|x86.ActiveCfg = Release|Any CPU
		{EADDB54B-658A-4753-9560-48AA8EA614B1}.Release|x86.Build.0 = Release|Any CPU
		{536A3DA0-EF72-41BE-B1C2-4AC644FBFA76}.Debug|Any CPU.ActiveCfg = Debug|Any CPU
		{536A3DA0-EF72-41BE-B1C2-4AC644FBFA76}.Debug|Any CPU.Build.0 = Debug|Any CPU
		{536A3DA0-EF72-41BE-B1C2-4AC644FBFA76}.Debug|x64.ActiveCfg = Debug|Any CPU
		{536A3DA0-EF72-41BE-B1C2-4AC644FBFA76}.Debug|x64.Build.0 = Debug|Any CPU
		{536A3DA0-EF72-41BE-B1C2-4AC644FBFA76}.Debug|x86.ActiveCfg = Debug|Any CPU
		{536A3DA0-EF72-41BE-B1C2-4AC644FBFA76}.Debug|x86.Build.0 = Debug|Any CPU
		{536A3DA0-EF72-41BE-B1C2-4AC644FBFA76}.Release|Any CPU.ActiveCfg = Release|Any CPU
		{536A3DA0-EF72-41BE-B1C2-4AC644FBFA76}.Release|Any CPU.Build.0 = Release|Any CPU
		{536A3DA0-EF72-41BE-B1C2-4AC644FBFA76}.Release|x64.ActiveCfg = Release|Any CPU
		{536A3DA0-EF72-41BE-B1C2-4AC644FBFA76}.Release|x64.Build.0 = Release|Any CPU
		{536A3DA0-EF72-41BE-B1C2-4AC644FBFA76}.Release|x86.ActiveCfg = Release|Any CPU
		{536A3DA0-EF72-41BE-B1C2-4AC644FBFA76}.Release|x86.Build.0 = Release|Any CPU
	EndGlobalSection
	GlobalSection(SolutionProperties) = preSolution
		HideSolutionNode = FALSE
	EndGlobalSection
EndGlobal
